
Microsoft Visual Studio Solution File, Format Version 12.00
# Visual Studio Version 16
VisualStudioVersion = 16.0.32106.194
MinimumVisualStudioVersion = 10.0.40219.1
Project("{FAE04EC0-301F-11D3-BF4B-00C04F79EFBC}") = "переводчик16", "переводчик16\переводчик16.csproj", "{18957837-59FB-4A17-84B8-9A27C94106E6}"
EndProject
Global
	GlobalSection(SolutionConfigurationPlatforms) = preSolution
		Debug|Any CPU = Debug|Any CPU
		Release|Any CPU = Release|Any CPU
	EndGlobalSection
	GlobalSection(ProjectConfigurationPlatforms) = postSolution
		{18957837-59FB-4A17-84B8-9A27C94106E6}.Debug|Any CPU.ActiveCfg = Debug|Any CPU
		{18957837-59FB-4A17-84B8-9A27C94106E6}.Debug|Any CPU.Build.0 = Debug|Any CPU
		{18957837-59FB-4A17-84B8-9A27C94106E6}.Release|Any CPU.ActiveCfg = Release|Any CPU
		{18957837-59FB-4A17-84B8-9A27C94106E6}.Release|Any CPU.Build.0 = Release|Any CPU
	EndGlobalSection
	GlobalSection(SolutionProperties) = preSolution
		HideSolutionNode = FALSE
	EndGlobalSection
	GlobalSection(ExtensibilityGlobals) = postSolution
		SolutionGuid = {B522F526-6C6B-4DC3-ABD6-A5DC65F6137E}
	EndGlobalSection
EndGlobal
